{
  "name": "co-depends",
  "version": "0.0.1",
  "lockfileVersion": 1,
  "requires": true,
  "dependencies": {
    "xtal-latx": {
      "version": "0.0.76",
      "resolved": "https://registry.npmjs.org/xtal-latx/-/xtal-latx-0.0.76.tgz",
      "integrity": "sha512-Vf8xGuV8k7OtsLnrdpHq2HRU22mTYSxXqjzB65GeO3bHYY2r25NSx9kcwhOn5bi5ZR47GiIy/8fKxZIaeTLT0w=="
    }
  }
}
