{
  "name": "co-depends",
  "version": "0.0.17",
  "lockfileVersion": 1,
  "requires": true,
  "dependencies": {
    "buffer-from": {
      "version": "1.1.1",
      "resolved": "https://registry.npmjs.org/buffer-from/-/buffer-from-1.1.1.tgz",
      "integrity": "sha512-MQcXEUbCKtEo7bhqEs6560Hyd4XaovZlO/k9V3hjVUF/zwW7KBVdSK4gIt/bzwS9MbR5qob+F5jusZsb0YQK2A==",
      "dev": true
    },
    "commander": {
      "version": "2.17.1",
      "resolved": "https://registry.npmjs.org/commander/-/commander-2.17.1.tgz",
      "integrity": "sha512-wPMUt6FnH2yzG95SA6mzjQOEKUU3aLaDEmzs1ti+1E9h+CsrZghRlqEM/EJ4KscsQVG8uNN4uVreUeT8+drlgg==",
      "dev": true
    },
    "deframe": {
      "version": "0.0.10",
      "resolved": "https://registry.npmjs.org/deframe/-/deframe-0.0.10.tgz",
      "integrity": "sha512-w7DWRyQGjkidc3Lmd8OzzWPbVFo5HbQQj1+QxZ0bNL/kZ29cOPPv+Npk9ktB89L8AD7qqZcXxiXqs5hd4JM6/g==",
      "requires": {
        "xtal-latx": "0.0.69"
      },
      "dependencies": {
        "xtal-latx": {
          "version": "0.0.69",
          "resolved": "https://registry.npmjs.org/xtal-latx/-/xtal-latx-0.0.69.tgz",
          "integrity": "sha512-vvM3qFj/cK9P5SCo+BiZ5CjakX4LC2NCFU6YvpVA5ooRzr6YWFpste+KoiiSpQLVHtu6+uA1u+wBz+7lH1P6yg=="
        }
      }
    },
    "h2h-tf": {
      "version": "0.0.3",
      "resolved": "https://registry.npmjs.org/h2h-tf/-/h2h-tf-0.0.3.tgz",
      "integrity": "sha512-kDmmNrHVm6GT6ObyLbqqHD+VG6QtUCwLOCXQcF0fgdOGjersr7fQ5xu8pm4SOSbC1N00cfNJn0d4hqKKp5fByQ==",
      "requires": {
        "xtal-latx": "0.0.84"
      },
      "dependencies": {
        "xtal-latx": {
          "version": "0.0.84",
          "resolved": "https://registry.npmjs.org/xtal-latx/-/xtal-latx-0.0.84.tgz",
          "integrity": "sha512-uJA8roHwQq50xjTElw5q6P4TN65qS6+HYdOb1aq0ecn/WZ5vMmAbwzN91bkXuq5rdX9alkNTd5Zc93jcSR5DSQ=="
        }
      }
    },
    "jiife": {
      "version": "0.0.8",
      "resolved": "https://registry.npmjs.org/jiife/-/jiife-0.0.8.tgz",
      "integrity": "sha512-A5wh9iXNve4uLacr800d/nXUykxBwb0rvOVnEZRiwCU7kpSas4U8ZwaCb/BNvLGmBpc2xpeMVIrEnG8FhxGm8w==",
      "dev": true,
      "requires": {
        "terser": "3.10.12"
      }
    },
    "source-map": {
      "version": "0.6.1",
      "resolved": "https://registry.npmjs.org/source-map/-/source-map-0.6.1.tgz",
      "integrity": "sha512-UjgapumWlbMhkBgzT7Ykc5YXUT46F0iKu8SGXq0bcwP5dz/h0Plj6enJqjz1Zbq2l5WaqYnrVbwWOWMyF3F47g==",
      "dev": true
    },
    "source-map-support": {
      "version": "0.5.9",
      "resolved": "https://registry.npmjs.org/source-map-support/-/source-map-support-0.5.9.tgz",
      "integrity": "sha512-gR6Rw4MvUlYy83vP0vxoVNzM6t8MUXqNuRsuBmBHQDu1Fh6X015FrLdgoDKcNdkwGubozq0P4N0Q37UyFVr1EA==",
      "dev": true,
      "requires": {
        "buffer-from": "^1.0.0",
        "source-map": "^0.6.0"
      }
    },
    "terser": {
      "version": "3.10.12",
      "resolved": "https://registry.npmjs.org/terser/-/terser-3.10.12.tgz",
      "integrity": "sha512-3ODPC1eVt25EVNb04s/PkHxOmzKBQUF6bwwuR6h2DbEF8/j265Y1UkwNtOk9am/pRxfJ5HPapOlUlO6c16mKQQ==",
      "dev": true,
      "requires": {
        "commander": "~2.17.1",
        "source-map": "~0.6.1",
        "source-map-support": "~0.5.6"
      }
    },
    "xtal-latx": {
      "version": "0.0.82",
      "resolved": "https://registry.npmjs.org/xtal-latx/-/xtal-latx-0.0.82.tgz",
      "integrity": "sha512-PR70W0yC/kNwoyFMtvnnw0H3jxVD3DqmINKC1ZpnvZCP2aK2griJ27F77q7i1jhRDkcvp7A1xTWzMK1W+Ql9Gg=="
    }
  }
}
